{
  "name": "SICO_GRC_CI_CD_FIXED",
  "lockfileVersion": 3,
  "requires": true,
  "packages": {
    "": {
      "dependencies": {
        "@formatjs/intl-localematcher": "^0.8.1"
      }
    },
    "node_modules/@formatjs/fast-memoize": {
      "version": "3.1.0",
      "resolved": "https://registry.npmjs.org/@formatjs/fast-memoize/-/fast-memoize-3.1.0.tgz",
      "integrity": "sha512-b5mvSWCI+XVKiz5WhnBCY3RJ4ZwfjAidU0yVlKa3d3MSgKmH1hC3tBGEAtYyN5mqL7N0G5x0BOUYyO8CEupWgg==",
      "dependencies": {
        "tslib": "^2.8.1"
      }
    },
    "node_modules/@formatjs/intl-localematcher": {
      "version": "0.8.1",
      "resolved": "https://registry.npmjs.org/@formatjs/intl-localematcher/-/intl-localematcher-0.8.1.tgz",
      "integrity": "sha512-xwEuwQFdtSq1UKtQnyTZWC+eHdv7Uygoa+H2k/9uzBVQjDyp9r20LNDNKedWXll7FssT3GRHvqsdJGYSUWqYFA==",
      "dependencies": {
        "@formatjs/fast-memoize": "3.1.0",
        "tslib": "^2.8.1"
      }
    },
    "node_modules/tslib": {
      "version": "2.8.1",
      "resolved": "https://registry.npmjs.org/tslib/-/tslib-2.8.1.tgz",
      "integrity": "sha512-oJFu94HQb+KVduSUQL7wnpmqnfmLsOA/nAh6b6EH0wCEoK0/mPeXU6c3wKDV83MkOuHPRHtSXKKU99IBazS/2w=="
    }
  }
}
